
Microsoft Visual Studio Solution File, Format Version 12.00
# Visual Studio Version 17
VisualStudioVersion = 17.8.34525.116
MinimumVisualStudioVersion = 10.0.40219.1
Project("{FAE04EC0-301F-11D3-BF4B-00C04F79EFBC}") = "WeatherForecastApi", "WeatherForecastApi\WeatherForecastApi.csproj", "{53248E34-A7AC-4C62-A1C6-52CEB349ED42}"
EndProject
Global
	GlobalSection(SolutionConfigurationPlatforms) = preSolution
		Debug|Any CPU = Debug|Any CPU
		Release|Any CPU = Release|Any CPU
	EndGlobalSection
	GlobalSection(ProjectConfigurationPlatforms) = postSolution
		{53248E34-A7AC-4C62-A1C6-52CEB349ED42}.Debug|Any CPU.ActiveCfg = Debug|Any CPU
		{53248E34-A7AC-4C62-A1C6-52CEB349ED42}.Debug|Any CPU.Build.0 = Debug|Any CPU
		{53248E34-A7AC-4C62-A1C6-52CEB349ED42}.Release|Any CPU.ActiveCfg = Release|Any CPU
		{53248E34-A7AC-4C62-A1C6-52CEB349ED42}.Release|Any CPU.Build.0 = Release|Any CPU
	EndGlobalSection
	GlobalSection(SolutionProperties) = preSolution
		HideSolutionNode = FALSE
	EndGlobalSection
	GlobalSection(ExtensibilityGlobals) = postSolution
		SolutionGuid = {2DD73490-4F08-4776-B239-FF14BF29DF6B}
	EndGlobalSection
EndGlobal
